
Microsoft Visual Studio Solution File, Format Version 12.00
# Visual Studio Version 17
VisualStudioVersion = 17.0.32112.339
MinimumVisualStudioVersion = 10.0.40219.1
Project("{9A19103F-16F7-4668-BE54-9A1E7A4F7556}") = "SpreadyMcSpreader", "SpreadyMcSpreader.csproj", "{87CBFEB2-D091-413A-B519-43927AB6B5FD}"
EndProject
Project("{FAE04EC0-301F-11D3-BF4B-00C04F79EFBC}") = "SpreadyMcSpreaderTests", "..\SpreadyMcSpreaderTests\SpreadyMcSpreaderTests.csproj", "{CC908B89-9C52-4696-956C-AD3BD70F18C0}"
EndProject
Global
	GlobalSection(SolutionConfigurationPlatforms) = preSolution
		Debug|Any CPU = Debug|Any CPU
		Release|Any CPU = Release|Any CPU
	EndGlobalSection
	GlobalSection(ProjectConfigurationPlatforms) = postSolution
		{87CBFEB2-D091-413A-B519-43927AB6B5FD}.Debug|Any CPU.ActiveCfg = Debug|Any CPU
		{87CBFEB2-D091-413A-B519-43927AB6B5FD}.Debug|Any CPU.Build.0 = Debug|Any CPU
		{87CBFEB2-D091-413A-B519-43927AB6B5FD}.Release|Any CPU.ActiveCfg = Release|Any CPU
		{87CBFEB2-D091-413A-B519-43927AB6B5FD}.Release|Any CPU.Build.0 = Release|Any CPU
		{CC908B89-9C52-4696-956C-AD3BD70F18C0}.Debug|Any CPU.ActiveCfg = Debug|Any CPU
		{CC908B89-9C52-4696-956C-AD3BD70F18C0}.Debug|Any CPU.Build.0 = Debug|Any CPU
		{CC908B89-9C52-4696-956C-AD3BD70F18C0}.Release|Any CPU.ActiveCfg = Release|Any CPU
		{CC908B89-9C52-4696-956C-AD3BD70F18C0}.Release|Any CPU.Build.0 = Release|Any CPU
	EndGlobalSection
	GlobalSection(SolutionProperties) = preSolution
		HideSolutionNode = FALSE
	EndGlobalSection
	GlobalSection(ExtensibilityGlobals) = postSolution
		SolutionGuid = {234D6352-4D5F-4148-9EE4-0CF1D64CEB34}
	EndGlobalSection
EndGlobal
